
Microsoft Visual Studio Solution File, Format Version 12.00
# Visual Studio Version 17
VisualStudioVersion = 17.10.35013.160
MinimumVisualStudioVersion = 10.0.40219.1
Project("{54A90642-561A-4BB1-A94E-469ADEE60C69}") = "anatolio.vue", "Anatolio.Vue\anatolio.vue.esproj", "{10C9911A-F4C8-4CB9-B1BD-239ADAB45ED6}"
EndProject
Project("{2150E333-8FDC-42A3-9474-1A3956D46DE8}") = "libs", "libs", "{603F46C9-E723-4A05-A7AE-1ACA289FE1E0}"
EndProject
Project("{54A90642-561A-4BB1-A94E-469ADEE60C69}") = "anatolio.vue.mqtt", "libs\Anatolio.Vue.Mqtt\anatolio.vue.mqtt.esproj", "{0AB9C818-E9DE-43DB-B3C4-F874BB6570A9}"
EndProject
Project("{E24C65DC-7377-472B-9ABA-BC803B73C61A}") = "docs", "docs\", "{B051ACC0-F1C4-4136-85F8-BD9EF1ABD140}"
	ProjectSection(WebsiteProperties) = preProject
		TargetFrameworkMoniker = ".NETFramework,Version%3Dv4.8"
		Debug.AspNetCompiler.VirtualPath = "/localhost_62050"
		Debug.AspNetCompiler.PhysicalPath = "docs\"
		Debug.AspNetCompiler.TargetPath = "PrecompiledWeb\localhost_62050\"
		Debug.AspNetCompiler.Updateable = "true"
		Debug.AspNetCompiler.ForceOverwrite = "true"
		Debug.AspNetCompiler.FixedNames = "false"
		Debug.AspNetCompiler.Debug = "True"
		Release.AspNetCompiler.VirtualPath = "/localhost_62050"
		Release.AspNetCompiler.PhysicalPath = "docs\"
		Release.AspNetCompiler.TargetPath = "PrecompiledWeb\localhost_62050\"
		Release.AspNetCompiler.Updateable = "true"
		Release.AspNetCompiler.ForceOverwrite = "true"
		Release.AspNetCompiler.FixedNames = "false"
		Release.AspNetCompiler.Debug = "False"
		VWDPort = "62050"
		SlnRelativePath = "docs\"
	EndProjectSection
EndProject
Project("{54A90642-561A-4BB1-A94E-469ADEE60C69}") = "anatolio.vue.dashboard", "libs\Anatolio.Vue.Dashboard\anatolio.vue.dashboard.esproj", "{80210788-10E8-4DF7-8D90-1D400B76F838}"
EndProject
Project("{54A90642-561A-4BB1-A94E-469ADEE60C69}") = "anatolio.vue.querybuilder", "libs\Anatolio.Vue.QueryBuilder\anatolio.vue.querybuilder.esproj", "{4CDA6F2A-E3B5-47E1-A7B8-F7E7B92AB4BD}"
EndProject
Project("{54A90642-561A-4BB1-A94E-469ADEE60C69}") = "anatolio", "libs\Anatolio\anatolio.esproj", "{0CDDB353-3A7C-4849-9F04-4B4E446D9D8A}"
EndProject
Global
	GlobalSection(SolutionConfigurationPlatforms) = preSolution
		Debug|Any CPU = Debug|Any CPU
		Release|Any CPU = Release|Any CPU
	EndGlobalSection
	GlobalSection(ProjectConfigurationPlatforms) = postSolution
		{10C9911A-F4C8-4CB9-B1BD-239ADAB45ED6}.Debug|Any CPU.ActiveCfg = Debug|Any CPU
		{10C9911A-F4C8-4CB9-B1BD-239ADAB45ED6}.Debug|Any CPU.Build.0 = Debug|Any CPU
		{10C9911A-F4C8-4CB9-B1BD-239ADAB45ED6}.Debug|Any CPU.Deploy.0 = Debug|Any CPU
		{10C9911A-F4C8-4CB9-B1BD-239ADAB45ED6}.Release|Any CPU.ActiveCfg = Release|Any CPU
		{10C9911A-F4C8-4CB9-B1BD-239ADAB45ED6}.Release|Any CPU.Build.0 = Release|Any CPU
		{10C9911A-F4C8-4CB9-B1BD-239ADAB45ED6}.Release|Any CPU.Deploy.0 = Release|Any CPU
		{0AB9C818-E9DE-43DB-B3C4-F874BB6570A9}.Debug|Any CPU.ActiveCfg = Debug|Any CPU
		{0AB9C818-E9DE-43DB-B3C4-F874BB6570A9}.Debug|Any CPU.Build.0 = Debug|Any CPU
		{0AB9C818-E9DE-43DB-B3C4-F874BB6570A9}.Debug|Any CPU.Deploy.0 = Debug|Any CPU
		{0AB9C818-E9DE-43DB-B3C4-F874BB6570A9}.Release|Any CPU.ActiveCfg = Release|Any CPU
		{0AB9C818-E9DE-43DB-B3C4-F874BB6570A9}.Release|Any CPU.Build.0 = Release|Any CPU
		{0AB9C818-E9DE-43DB-B3C4-F874BB6570A9}.Release|Any CPU.Deploy.0 = Release|Any CPU
		{B051ACC0-F1C4-4136-85F8-BD9EF1ABD140}.Debug|Any CPU.ActiveCfg = Debug|Any CPU
		{B051ACC0-F1C4-4136-85F8-BD9EF1ABD140}.Debug|Any CPU.Build.0 = Debug|Any CPU
		{B051ACC0-F1C4-4136-85F8-BD9EF1ABD140}.Release|Any CPU.ActiveCfg = Debug|Any CPU
		{B051ACC0-F1C4-4136-85F8-BD9EF1ABD140}.Release|Any CPU.Build.0 = Debug|Any CPU
		{80210788-10E8-4DF7-8D90-1D400B76F838}.Debug|Any CPU.ActiveCfg = Debug|Any CPU
		{80210788-10E8-4DF7-8D90-1D400B76F838}.Debug|Any CPU.Build.0 = Debug|Any CPU
		{80210788-10E8-4DF7-8D90-1D400B76F838}.Debug|Any CPU.Deploy.0 = Debug|Any CPU
		{80210788-10E8-4DF7-8D90-1D400B76F838}.Release|Any CPU.ActiveCfg = Release|Any CPU
		{80210788-10E8-4DF7-8D90-1D400B76F838}.Release|Any CPU.Build.0 = Release|Any CPU
		{80210788-10E8-4DF7-8D90-1D400B76F838}.Release|Any CPU.Deploy.0 = Release|Any CPU
		{4CDA6F2A-E3B5-47E1-A7B8-F7E7B92AB4BD}.Debug|Any CPU.ActiveCfg = Debug|Any CPU
		{4CDA6F2A-E3B5-47E1-A7B8-F7E7B92AB4BD}.Debug|Any CPU.Build.0 = Debug|Any CPU
		{4CDA6F2A-E3B5-47E1-A7B8-F7E7B92AB4BD}.Debug|Any CPU.Deploy.0 = Debug|Any CPU
		{4CDA6F2A-E3B5-47E1-A7B8-F7E7B92AB4BD}.Release|Any CPU.ActiveCfg = Release|Any CPU
		{4CDA6F2A-E3B5-47E1-A7B8-F7E7B92AB4BD}.Release|Any CPU.Build.0 = Release|Any CPU
		{4CDA6F2A-E3B5-47E1-A7B8-F7E7B92AB4BD}.Release|Any CPU.Deploy.0 = Release|Any CPU
		{0CDDB353-3A7C-4849-9F04-4B4E446D9D8A}.Debug|Any CPU.ActiveCfg = Debug|Any CPU
		{0CDDB353-3A7C-4849-9F04-4B4E446D9D8A}.Debug|Any CPU.Build.0 = Debug|Any CPU
		{0CDDB353-3A7C-4849-9F04-4B4E446D9D8A}.Debug|Any CPU.Deploy.0 = Debug|Any CPU
		{0CDDB353-3A7C-4849-9F04-4B4E446D9D8A}.Release|Any CPU.ActiveCfg = Release|Any CPU
		{0CDDB353-3A7C-4849-9F04-4B4E446D9D8A}.Release|Any CPU.Build.0 = Release|Any CPU
		{0CDDB353-3A7C-4849-9F04-4B4E446D9D8A}.Release|Any CPU.Deploy.0 = Release|Any CPU
	EndGlobalSection
	GlobalSection(SolutionProperties) = preSolution
		HideSolutionNode = FALSE
	EndGlobalSection
	GlobalSection(NestedProjects) = preSolution
		{0AB9C818-E9DE-43DB-B3C4-F874BB6570A9} = {603F46C9-E723-4A05-A7AE-1ACA289FE1E0}
		{80210788-10E8-4DF7-8D90-1D400B76F838} = {603F46C9-E723-4A05-A7AE-1ACA289FE1E0}
		{4CDA6F2A-E3B5-47E1-A7B8-F7E7B92AB4BD} = {603F46C9-E723-4A05-A7AE-1ACA289FE1E0}
		{0CDDB353-3A7C-4849-9F04-4B4E446D9D8A} = {603F46C9-E723-4A05-A7AE-1ACA289FE1E0}
	EndGlobalSection
	GlobalSection(ExtensibilityGlobals) = postSolution
		SolutionGuid = {BEA9840F-7460-4841-A84C-4CE8FCAAFC0C}
	EndGlobalSection
EndGlobal
